
Microsoft Visual Studio Solution File, Format Version 12.00
# Visual Studio Version 17
VisualStudioVersion = 17.5.002.0
MinimumVisualStudioVersion = 10.0.40219.1
Project("{FAE04EC0-301F-11D3-BF4B-00C04F79EFBC}") = "weather.domain", "weather.domain\weather.domain.csproj", "{67DD5A64-FC4E-4C0F-B14A-383D204C0BB6}"
EndProject
Project("{FAE04EC0-301F-11D3-BF4B-00C04F79EFBC}") = "electron.weather", "electron.weather\electron.weather.csproj", "{CF3B9CEB-B281-4C55-A1EF-778CCB451B5A}"
EndProject
Global
	GlobalSection(SolutionConfigurationPlatforms) = preSolution
		Debug|Any CPU = Debug|Any CPU
		Release|Any CPU = Release|Any CPU
	EndGlobalSection
	GlobalSection(ProjectConfigurationPlatforms) = postSolution
		{67DD5A64-FC4E-4C0F-B14A-383D204C0BB6}.Debug|Any CPU.ActiveCfg = Debug|Any CPU
		{67DD5A64-FC4E-4C0F-B14A-383D204C0BB6}.Debug|Any CPU.Build.0 = Debug|Any CPU
		{67DD5A64-FC4E-4C0F-B14A-383D204C0BB6}.Release|Any CPU.ActiveCfg = Release|Any CPU
		{67DD5A64-FC4E-4C0F-B14A-383D204C0BB6}.Release|Any CPU.Build.0 = Release|Any CPU
		{CF3B9CEB-B281-4C55-A1EF-778CCB451B5A}.Debug|Any CPU.ActiveCfg = Debug|Any CPU
		{CF3B9CEB-B281-4C55-A1EF-778CCB451B5A}.Debug|Any CPU.Build.0 = Debug|Any CPU
		{CF3B9CEB-B281-4C55-A1EF-778CCB451B5A}.Release|Any CPU.ActiveCfg = Release|Any CPU
		{CF3B9CEB-B281-4C55-A1EF-778CCB451B5A}.Release|Any CPU.Build.0 = Release|Any CPU
	EndGlobalSection
	GlobalSection(SolutionProperties) = preSolution
		HideSolutionNode = FALSE
	EndGlobalSection
	GlobalSection(ExtensibilityGlobals) = postSolution
		SolutionGuid = {845F0E06-2805-4BDD-9E61-A781F1ADC80D}
	EndGlobalSection
EndGlobal
